// !$*UTF8*$!
{
	archiveVersion = 1;
	classes = {
	};
	objectVersion = 51;
	objects = {

/* Begin PBXBuildFile section */
		25940416F19A5241BE8B0AAA /* Pods_RxSwiftExample_RxSwiftExampleTests.framework in Frameworks */ = {isa = PBXBuildFile; fileRef = C7FCFA2393DBB43C031FD81D /* Pods_RxSwiftExample_RxSwiftExampleTests.framework */; };
		62B27BE33F6FC1EC458BDA3D /* Pods_RxSwiftExample.framework in Frameworks */ = {isa = PBXBuildFile; fileRef = AD3A1536E76397085D307296 /* Pods_RxSwiftExample.framework */; };
		B226EB1F2476862A00911A7F /* EditProfileViewController.swift in Sources */ = {isa = PBXBuildFile; fileRef = B226EB1E2476862A00911A7F /* EditProfileViewController.swift */; };
		B248CE2E24A5B70D0011BC0A /* RequestManager.swift in Sources */ = {isa = PBXBuildFile; fileRef = B248CE2D24A5B70D0011BC0A /* RequestManager.swift */; };
		B248CE3024A732B10011BC0A /* APIService.swift in Sources */ = {isa = PBXBuildFile; fileRef = B248CE2F24A732B10011BC0A /* APIService.swift */; };
		B248CE3C24A73EE10011BC0A /* APIServiceTests.swift in Sources */ = {isa = PBXBuildFile; fileRef = B248CE3A24A73EE10011BC0A /* APIServiceTests.swift */; };
		B248CE3D24A73EE10011BC0A /* StorageServicesTests.swift in Sources */ = {isa = PBXBuildFile; fileRef = B248CE3B24A73EE10011BC0A /* StorageServicesTests.swift */; };
		B248CE4024A73F2E0011BC0A /* Weather.swift in Sources */ = {isa = PBXBuildFile; fileRef = B248CE3F24A73F2E0011BC0A /* Weather.swift */; };
		B253D9172483CE9C00C01835 /* ProfileCoordinator.swift in Sources */ = {isa = PBXBuildFile; fileRef = B253D9162483CE9C00C01835 /* ProfileCoordinator.swift */; };
		B253D9192483CEB700C01835 /* Coordinator.swift in Sources */ = {isa = PBXBuildFile; fileRef = B253D9182483CEB700C01835 /* Coordinator.swift */; };
		B253D91C2483CFE200C01835 /* Storyboarded.swift in Sources */ = {isa = PBXBuildFile; fileRef = B253D91B2483CFE200C01835 /* Storyboarded.swift */; };
		B2679A2424A48C69008DB860 /* BaseViewController.swift in Sources */ = {isa = PBXBuildFile; fileRef = B2679A2324A48C69008DB860 /* BaseViewController.swift */; };
		B267A2302487EC6F00A89DAE /* ProfileProvider.swift in Sources */ = {isa = PBXBuildFile; fileRef = B267A22F2487EC6F00A89DAE /* ProfileProvider.swift */; };
		B267A2322487FA6700A89DAE /* ProfileListProvider.swift in Sources */ = {isa = PBXBuildFile; fileRef = B267A2312487FA6700A89DAE /* ProfileListProvider.swift */; };
		B27125D6248758110019F7AF /* AddProfileCoordinator.swift in Sources */ = {isa = PBXBuildFile; fileRef = B27125D5248758110019F7AF /* AddProfileCoordinator.swift */; };
		B27125DB248768820019F7AF /* ReactivePresentationControler.swift in Sources */ = {isa = PBXBuildFile; fileRef = B27125DA248768820019F7AF /* ReactivePresentationControler.swift */; };
		B27498A124A354EB005F636C /* LocationService.swift in Sources */ = {isa = PBXBuildFile; fileRef = B27498A024A354EB005F636C /* LocationService.swift */; };
		B27D5247249CA3D700E8D412 /* StorageService.swift in Sources */ = {isa = PBXBuildFile; fileRef = B27D5246249CA3D700E8D412 /* StorageService.swift */; };
		B28736E3248E50B3003CF69B /* Weather.storyboard in Resources */ = {isa = PBXBuildFile; fileRef = B28736E2248E50B3003CF69B /* Weather.storyboard */; };
		B28736E6248E63E9003CF69B /* CurrentWeatherViewController.swift in Sources */ = {isa = PBXBuildFile; fileRef = B28736E5248E63E9003CF69B /* CurrentWeatherViewController.swift */; };
		B28736E9248E6447003CF69B /* CurrentWeatherViewModel.swift in Sources */ = {isa = PBXBuildFile; fileRef = B28736E8248E6447003CF69B /* CurrentWeatherViewModel.swift */; };
		B28736EC248E64C8003CF69B /* WeatherCoordinator.swift in Sources */ = {isa = PBXBuildFile; fileRef = B28736EB248E64C8003CF69B /* WeatherCoordinator.swift */; };
		B2905B9C2484064C0087D8D4 /* EditProfileViewModel.swift in Sources */ = {isa = PBXBuildFile; fileRef = B2905B9B2484064C0087D8D4 /* EditProfileViewModel.swift */; };
		B2B34DC2249B47100058AE32 /* DataModel.xcdatamodeld in Sources */ = {isa = PBXBuildFile; fileRef = B2B34DC0249B47100058AE32 /* DataModel.xcdatamodeld */; };
		B2B34DC9249B47BC0058AE32 /* ProfileEntity+CoreDataProperties.swift in Sources */ = {isa = PBXBuildFile; fileRef = B2B34DC7249B47BC0058AE32 /* ProfileEntity+CoreDataProperties.swift */; };
		B2B34DCA249B47BC0058AE32 /* ProfileEntity+CoreDataClass.swift in Sources */ = {isa = PBXBuildFile; fileRef = B2B34DC8249B47BC0058AE32 /* ProfileEntity+CoreDataClass.swift */; };
		B2C739342486611F0024515F /* AddProfileViewModel.swift in Sources */ = {isa = PBXBuildFile; fileRef = B2C739332486611E0024515F /* AddProfileViewModel.swift */; };
		B2CB517E2499F8190054056D /* ProfileListTests.swift in Sources */ = {isa = PBXBuildFile; fileRef = B2CB517D2499F8190054056D /* ProfileListTests.swift */; };
		B2CB5180249A0BB90054056D /* ProfileTests.swift in Sources */ = {isa = PBXBuildFile; fileRef = B2CB517F249A0BB90054056D /* ProfileTests.swift */; };
		B2CB5182249A0F8C0054056D /* EditProfileTests.swift in Sources */ = {isa = PBXBuildFile; fileRef = B2CB5181249A0F8C0054056D /* EditProfileTests.swift */; };
		B2DD65AF2445A8660031749D /* AppDelegate.swift in Sources */ = {isa = PBXBuildFile; fileRef = B2DD65AE2445A8660031749D /* AppDelegate.swift */; };
		B2DD65B12445A8660031749D /* SceneDelegate.swift in Sources */ = {isa = PBXBuildFile; fileRef = B2DD65B02445A8660031749D /* SceneDelegate.swift */; };
		B2DD65B82445A86C0031749D /* Assets.xcassets in Resources */ = {isa = PBXBuildFile; fileRef = B2DD65B72445A86C0031749D /* Assets.xcassets */; };
		B2DD65BB2445A86C0031749D /* LaunchScreen.storyboard in Resources */ = {isa = PBXBuildFile; fileRef = B2DD65B92445A86C0031749D /* LaunchScreen.storyboard */; };
		B2EA1B6E248F67E2000C749F /* AddProfileTests.swift in Sources */ = {isa = PBXBuildFile; fileRef = B2EA1B6D248F67E2000C749F /* AddProfileTests.swift */; };
		B2F5A7DB248E427300761BAB /* MainCoordinator.swift in Sources */ = {isa = PBXBuildFile; fileRef = B2F5A7DA248E427300761BAB /* MainCoordinator.swift */; };
		B2F5A7DD248E42FA00761BAB /* MainViewController.swift in Sources */ = {isa = PBXBuildFile; fileRef = B2F5A7DC248E42FA00761BAB /* MainViewController.swift */; };
		B2F5A7E1248E43FC00761BAB /* MainViewModel.swift in Sources */ = {isa = PBXBuildFile; fileRef = B2F5A7E0248E43FC00761BAB /* MainViewModel.swift */; };
		B2F5A7E2248E4EEC00761BAB /* Profile.storyboard in Resources */ = {isa = PBXBuildFile; fileRef = B2DD65B42445A8660031749D /* Profile.storyboard */; };
		B2F5A7E3248E4EF000761BAB /* Main.storyboard in Resources */ = {isa = PBXBuildFile; fileRef = B2F5A7DE248E430E00761BAB /* Main.storyboard */; };
		B2FA0A572465A60C008127F0 /* ProfileViewController.swift in Sources */ = {isa = PBXBuildFile; fileRef = B2FA0A562465A60C008127F0 /* ProfileViewController.swift */; };
		B2FA0A5A2465A799008127F0 /* ProfileModel.swift in Sources */ = {isa = PBXBuildFile; fileRef = B2FA0A592465A799008127F0 /* ProfileModel.swift */; };
		B2FA0A5C2465A8E6008127F0 /* AddProfileViewController.swift in Sources */ = {isa = PBXBuildFile; fileRef = B2FA0A5B2465A8E6008127F0 /* AddProfileViewController.swift */; };
		B2FA0A5E2465A900008127F0 /* ProfileListViewController.swift in Sources */ = {isa = PBXBuildFile; fileRef = B2FA0A5D2465A900008127F0 /* ProfileListViewController.swift */; };
		B2FA0A662467E2DB008127F0 /* ProfileViewModel.swift in Sources */ = {isa = PBXBuildFile; fileRef = B2FA0A652467E2DB008127F0 /* ProfileViewModel.swift */; };
		B2FA0A682467E2EF008127F0 /* ProfileListViewModel.swift in Sources */ = {isa = PBXBuildFile; fileRef = B2FA0A672467E2EF008127F0 /* ProfileListViewModel.swift */; };
/* End PBXBuildFile section */

/* Begin PBXContainerItemProxy section */
		B24BAB992477FA3300369F8B /* PBXContainerItemProxy */ = {
			isa = PBXContainerItemProxy;
			containerPortal = B2DD65A32445A8660031749D /* Project object */;
			proxyType = 1;
			remoteGlobalIDString = B2DD65AA2445A8660031749D;
			remoteInfo = RxSwiftExample;
		};
/* End PBXContainerItemProxy section */

/* Begin PBXFileReference section */
		000B5BA6D244B2B9F213F425 /* Pods-RxSwiftExampleTests.debug.xcconfig */ = {isa = PBXFileReference; includeInIndex = 1; lastKnownFileType = text.xcconfig; name = "Pods-RxSwiftExampleTests.debug.xcconfig"; path = "Target Support Files/Pods-RxSwiftExampleTests/Pods-RxSwiftExampleTests.debug.xcconfig"; sourceTree = "<group>"; };
		052BB96D851C136EF86A8BD1 /* Pods_RxSwiftExample_RxSwiftExampleUnitTests.framework */ = {isa = PBXFileReference; explicitFileType = wrapper.framework; includeInIndex = 0; path = Pods_RxSwiftExample_RxSwiftExampleUnitTests.framework; sourceTree = BUILT_PRODUCTS_DIR; };
		3BCEBE361A8095BE4A1F7694 /* Pods-RxSwiftExample-RxSwiftExampleTests.debug.xcconfig */ = {isa = PBXFileReference; includeInIndex = 1; lastKnownFileType = text.xcconfig; name = "Pods-RxSwiftExample-RxSwiftExampleTests.debug.xcconfig"; path = "Target Support Files/Pods-RxSwiftExample-RxSwiftExampleTests/Pods-RxSwiftExample-RxSwiftExampleTests.debug.xcconfig"; sourceTree = "<group>"; };
		4F75AFF4DB2882204A62A51C /* Pods-RxSwiftExample-RxSwiftExampleUnitTests.debug.xcconfig */ = {isa = PBXFileReference; includeInIndex = 1; lastKnownFileType = text.xcconfig; name = "Pods-RxSwiftExample-RxSwiftExampleUnitTests.debug.xcconfig"; path = "Target Support Files/Pods-RxSwiftExample-RxSwiftExampleUnitTests/Pods-RxSwiftExample-RxSwiftExampleUnitTests.debug.xcconfig"; sourceTree = "<group>"; };
		640FA449B2FF79F6D76FBACD /* Pods-RxSwiftExample-RxSwiftExampleUnitTests.release.xcconfig */ = {isa = PBXFileReference; includeInIndex = 1; lastKnownFileType = text.xcconfig; name = "Pods-RxSwiftExample-RxSwiftExampleUnitTests.release.xcconfig"; path = "Target Support Files/Pods-RxSwiftExample-RxSwiftExampleUnitTests/Pods-RxSwiftExample-RxSwiftExampleUnitTests.release.xcconfig"; sourceTree = "<group>"; };
		75F0F46C543F2BA2CF226954 /* libPods-RxSwiftExampleTests.a */ = {isa = PBXFileReference; explicitFileType = archive.ar; includeInIndex = 0; path = "libPods-RxSwiftExampleTests.a"; sourceTree = BUILT_PRODUCTS_DIR; };
		82923FA8F4C043AD7DB4445B /* Pods-RxSwiftExample.debug.xcconfig */ = {isa = PBXFileReference; includeInIndex = 1; lastKnownFileType = text.xcconfig; name = "Pods-RxSwiftExample.debug.xcconfig"; path = "Target Support Files/Pods-RxSwiftExample/Pods-RxSwiftExample.debug.xcconfig"; sourceTree = "<group>"; };
		A260E12EF65FBCBA86D2089A /* Pods-RxSwiftExample.release.xcconfig */ = {isa = PBXFileReference; includeInIndex = 1; lastKnownFileType = text.xcconfig; name = "Pods-RxSwiftExample.release.xcconfig"; path = "Target Support Files/Pods-RxSwiftExample/Pods-RxSwiftExample.release.xcconfig"; sourceTree = "<group>"; };
		AD3A1536E76397085D307296 /* Pods_RxSwiftExample.framework */ = {isa = PBXFileReference; explicitFileType = wrapper.framework; includeInIndex = 0; path = Pods_RxSwiftExample.framework; sourceTree = BUILT_PRODUCTS_DIR; };
		B226EB1E2476862A00911A7F /* EditProfileViewController.swift */ = {isa = PBXFileReference; lastKnownFileType = sourcecode.swift; path = EditProfileViewController.swift; sourceTree = "<group>"; };
		B248CE2D24A5B70D0011BC0A /* RequestManager.swift */ = {isa = PBXFileReference; lastKnownFileType = sourcecode.swift; path = RequestManager.swift; sourceTree = "<group>"; };
		B248CE2F24A732B10011BC0A /* APIService.swift */ = {isa = PBXFileReference; lastKnownFileType = sourcecode.swift; path = APIService.swift; sourceTree = "<group>"; };
		B248CE3A24A73EE10011BC0A /* APIServiceTests.swift */ = {isa = PBXFileReference; fileEncoding = 4; lastKnownFileType = sourcecode.swift; name = APIServiceTests.swift; path = Services/APIServiceTests.swift; sourceTree = "<group>"; };
		B248CE3B24A73EE10011BC0A /* StorageServicesTests.swift */ = {isa = PBXFileReference; fileEncoding = 4; lastKnownFileType = sourcecode.swift; name = StorageServicesTests.swift; path = Services/StorageServicesTests.swift; sourceTree = "<group>"; };
		B248CE3F24A73F2E0011BC0A /* Weather.swift */ = {isa = PBXFileReference; lastKnownFileType = sourcecode.swift; path = Weather.swift; sourceTree = "<group>"; };
		B24BAB942477FA3300369F8B /* RxSwiftExampleTests.xctest */ = {isa = PBXFileReference; explicitFileType = wrapper.cfbundle; includeInIndex = 0; path = RxSwiftExampleTests.xctest; sourceTree = BUILT_PRODUCTS_DIR; };
		B24BAB982477FA3300369F8B /* Info.plist */ = {isa = PBXFileReference; lastKnownFileType = text.plist.xml; path = Info.plist; sourceTree = "<group>"; };
		B253D9162483CE9C00C01835 /* ProfileCoordinator.swift */ = {isa = PBXFileReference; lastKnownFileType = sourcecode.swift; path = ProfileCoordinator.swift; sourceTree = "<group>"; };
		B253D9182483CEB700C01835 /* Coordinator.swift */ = {isa = PBXFileReference; lastKnownFileType = sourcecode.swift; path = Coordinator.swift; sourceTree = "<group>"; };
		B253D91B2483CFE200C01835 /* Storyboarded.swift */ = {isa = PBXFileReference; lastKnownFileType = sourcecode.swift; path = Storyboarded.swift; sourceTree = "<group>"; };
		B2679A2324A48C69008DB860 /* BaseViewController.swift */ = {isa = PBXFileReference; lastKnownFileType = sourcecode.swift; path = BaseViewController.swift; sourceTree = "<group>"; };
		B267A22F2487EC6F00A89DAE /* ProfileProvider.swift */ = {isa = PBXFileReference; lastKnownFileType = sourcecode.swift; path = ProfileProvider.swift; sourceTree = "<group>"; };
		B267A2312487FA6700A89DAE /* ProfileListProvider.swift */ = {isa = PBXFileReference; lastKnownFileType = sourcecode.swift; path = ProfileListProvider.swift; sourceTree = "<group>"; };
		B27125D5248758110019F7AF /* AddProfileCoordinator.swift */ = {isa = PBXFileReference; lastKnownFileType = sourcecode.swift; path = AddProfileCoordinator.swift; sourceTree = "<group>"; };
		B27125DA248768820019F7AF /* ReactivePresentationControler.swift */ = {isa = PBXFileReference; lastKnownFileType = sourcecode.swift; path = ReactivePresentationControler.swift; sourceTree = "<group>"; };
		B27498A024A354EB005F636C /* LocationService.swift */ = {isa = PBXFileReference; lastKnownFileType = sourcecode.swift; path = LocationService.swift; sourceTree = "<group>"; };
		B27D5246249CA3D700E8D412 /* StorageService.swift */ = {isa = PBXFileReference; lastKnownFileType = sourcecode.swift; path = StorageService.swift; sourceTree = "<group>"; };
		B28736E2248E50B3003CF69B /* Weather.storyboard */ = {isa = PBXFileReference; lastKnownFileType = file.storyboard; path = Weather.storyboard; sourceTree = "<group>"; };
		B28736E5248E63E9003CF69B /* CurrentWeatherViewController.swift */ = {isa = PBXFileReference; lastKnownFileType = sourcecode.swift; path = CurrentWeatherViewController.swift; sourceTree = "<group>"; };
		B28736E8248E6447003CF69B /* CurrentWeatherViewModel.swift */ = {isa = PBXFileReference; lastKnownFileType = sourcecode.swift; path = CurrentWeatherViewModel.swift; sourceTree = "<group>"; };
		B28736EB248E64C8003CF69B /* WeatherCoordinator.swift */ = {isa = PBXFileReference; lastKnownFileType = sourcecode.swift; path = WeatherCoordinator.swift; sourceTree = "<group>"; };
		B2905B9B2484064C0087D8D4 /* EditProfileViewModel.swift */ = {isa = PBXFileReference; lastKnownFileType = sourcecode.swift; path = EditProfileViewModel.swift; sourceTree = "<group>"; };
		B2B34DC1249B47100058AE32 /* DataModel.xcdatamodel */ = {isa = PBXFileReference; lastKnownFileType = wrapper.xcdatamodel; path = DataModel.xcdatamodel; sourceTree = "<group>"; };
		B2B34DC7249B47BC0058AE32 /* ProfileEntity+CoreDataProperties.swift */ = {isa = PBXFileReference; fileEncoding = 4; lastKnownFileType = sourcecode.swift; path = "ProfileEntity+CoreDataProperties.swift"; sourceTree = "<group>"; };
		B2B34DC8249B47BC0058AE32 /* ProfileEntity+CoreDataClass.swift */ = {isa = PBXFileReference; fileEncoding = 4; lastKnownFileType = sourcecode.swift; path = "ProfileEntity+CoreDataClass.swift"; sourceTree = "<group>"; };
		B2C739332486611E0024515F /* AddProfileViewModel.swift */ = {isa = PBXFileReference; lastKnownFileType = sourcecode.swift; path = AddProfileViewModel.swift; sourceTree = "<group>"; };
		B2CB517D2499F8190054056D /* ProfileListTests.swift */ = {isa = PBXFileReference; lastKnownFileType = sourcecode.swift; path = ProfileListTests.swift; sourceTree = "<group>"; };
		B2CB517F249A0BB90054056D /* ProfileTests.swift */ = {isa = PBXFileReference; lastKnownFileType = sourcecode.swift; path = ProfileTests.swift; sourceTree = "<group>"; };
		B2CB5181249A0F8C0054056D /* EditProfileTests.swift */ = {isa = PBXFileReference; lastKnownFileType = sourcecode.swift; path = EditProfileTests.swift; sourceTree = "<group>"; };
		B2DD65AB2445A8660031749D /* RxSwiftExample.app */ = {isa = PBXFileReference; explicitFileType = wrapper.application; includeInIndex = 0; path = RxSwiftExample.app; sourceTree = BUILT_PRODUCTS_DIR; };
		B2DD65AE2445A8660031749D /* AppDelegate.swift */ = {isa = PBXFileReference; lastKnownFileType = sourcecode.swift; path = AppDelegate.swift; sourceTree = "<group>"; };
		B2DD65B02445A8660031749D /* SceneDelegate.swift */ = {isa = PBXFileReference; lastKnownFileType = sourcecode.swift; path = SceneDelegate.swift; sourceTree = "<group>"; };
		B2DD65B52445A8660031749D /* Base */ = {isa = PBXFileReference; lastKnownFileType = file.storyboard; name = Base; path = Base.lproj/Profile.storyboard; sourceTree = "<group>"; };
		B2DD65B72445A86C0031749D /* Assets.xcassets */ = {isa = PBXFileReference; lastKnownFileType = folder.assetcatalog; path = Assets.xcassets; sourceTree = "<group>"; };
		B2DD65BA2445A86C0031749D /* Base */ = {isa = PBXFileReference; lastKnownFileType = file.storyboard; name = Base; path = Base.lproj/LaunchScreen.storyboard; sourceTree = "<group>"; };
		B2DD65BC2445A86C0031749D /* Info.plist */ = {isa = PBXFileReference; lastKnownFileType = text.plist.xml; path = Info.plist; sourceTree = "<group>"; };
		B2EA1B6D248F67E2000C749F /* AddProfileTests.swift */ = {isa = PBXFileReference; lastKnownFileType = sourcecode.swift; path = AddProfileTests.swift; sourceTree = "<group>"; };
		B2F5A7DA248E427300761BAB /* MainCoordinator.swift */ = {isa = PBXFileReference; lastKnownFileType = sourcecode.swift; path = MainCoordinator.swift; sourceTree = "<group>"; };
		B2F5A7DC248E42FA00761BAB /* MainViewController.swift */ = {isa = PBXFileReference; lastKnownFileType = sourcecode.swift; path = MainViewController.swift; sourceTree = "<group>"; };
		B2F5A7DE248E430E00761BAB /* Main.storyboard */ = {isa = PBXFileReference; lastKnownFileType = file.storyboard; path = Main.storyboard; sourceTree = "<group>"; };
		B2F5A7E0248E43FC00761BAB /* MainViewModel.swift */ = {isa = PBXFileReference; lastKnownFileType = sourcecode.swift; path = MainViewModel.swift; sourceTree = "<group>"; };
		B2FA0A562465A60C008127F0 /* ProfileViewController.swift */ = {isa = PBXFileReference; lastKnownFileType = sourcecode.swift; path = ProfileViewController.swift; sourceTree = "<group>"; };
		B2FA0A592465A799008127F0 /* ProfileModel.swift */ = {isa = PBXFileReference; lastKnownFileType = sourcecode.swift; path = ProfileModel.swift; sourceTree = "<group>"; };
		B2FA0A5B2465A8E6008127F0 /* AddProfileViewController.swift */ = {isa = PBXFileReference; lastKnownFileType = sourcecode.swift; path = AddProfileViewController.swift; sourceTree = "<group>"; };
		B2FA0A5D2465A900008127F0 /* ProfileListViewController.swift */ = {isa = PBXFileReference; lastKnownFileType = sourcecode.swift; path = ProfileListViewController.swift; sourceTree = "<group>"; };
		B2FA0A652467E2DB008127F0 /* ProfileViewModel.swift */ = {isa = PBXFileReference; lastKnownFileType = sourcecode.swift; path = ProfileViewModel.swift; sourceTree = "<group>"; };
		B2FA0A672467E2EF008127F0 /* ProfileListViewModel.swift */ = {isa = PBXFileReference; lastKnownFileType = sourcecode.swift; path = ProfileListViewModel.swift; sourceTree = "<group>"; };
		BA73625D8445C1A9388BD962 /* Pods-RxSwiftExample-RxSwiftExampleTests.release.xcconfig */ = {isa = PBXFileReference; includeInIndex = 1; lastKnownFileType = text.xcconfig; name = "Pods-RxSwiftExample-RxSwiftExampleTests.release.xcconfig"; path = "Target Support Files/Pods-RxSwiftExample-RxSwiftExampleTests/Pods-RxSwiftExample-RxSwiftExampleTests.release.xcconfig"; sourceTree = "<group>"; };
		BD1D3B49626DBEC3457B4DBD /* Pods-RxSwiftExampleUnitTests.debug.xcconfig */ = {isa = PBXFileReference; includeInIndex = 1; lastKnownFileType = text.xcconfig; name = "Pods-RxSwiftExampleUnitTests.debug.xcconfig"; path = "Target Support Files/Pods-RxSwiftExampleUnitTests/Pods-RxSwiftExampleUnitTests.debug.xcconfig"; sourceTree = "<group>"; };
		C2E13506DC23FDF9EE72B813 /* Pods-RxSwiftExampleUnitTests.release.xcconfig */ = {isa = PBXFileReference; includeInIndex = 1; lastKnownFileType = text.xcconfig; name = "Pods-RxSwiftExampleUnitTests.release.xcconfig"; path = "Target Support Files/Pods-RxSwiftExampleUnitTests/Pods-RxSwiftExampleUnitTests.release.xcconfig"; sourceTree = "<group>"; };
		C7FCFA2393DBB43C031FD81D /* Pods_RxSwiftExample_RxSwiftExampleTests.framework */ = {isa = PBXFileReference; explicitFileType = wrapper.framework; includeInIndex = 0; path = Pods_RxSwiftExample_RxSwiftExampleTests.framework; sourceTree = BUILT_PRODUCTS_DIR; };
		F7D1A62DBF647C17128147EC /* Pods-RxSwiftExampleTests.release.xcconfig */ = {isa = PBXFileReference; includeInIndex = 1; lastKnownFileType = text.xcconfig; name = "Pods-RxSwiftExampleTests.release.xcconfig"; path = "Target Support Files/Pods-RxSwiftExampleTests/Pods-RxSwiftExampleTests.release.xcconfig"; sourceTree = "<group>"; };
/* End PBXFileReference section */

/* Begin PBXFrameworksBuildPhase section */
		B24BAB912477FA3300369F8B /* Frameworks */ = {
			isa = PBXFrameworksBuildPhase;
			buildActionMask = 2147483647;
			files = (
				25940416F19A5241BE8B0AAA /* Pods_RxSwiftExample_RxSwiftExampleTests.framework in Frameworks */,
			);
			runOnlyForDeploymentPostprocessing = 0;
		};
		B2DD65A82445A8660031749D /* Frameworks */ = {
			isa = PBXFrameworksBuildPhase;
			buildActionMask = 2147483647;
			files = (
				62B27BE33F6FC1EC458BDA3D /* Pods_RxSwiftExample.framework in Frameworks */,
			);
			runOnlyForDeploymentPostprocessing = 0;
		};
/* End PBXFrameworksBuildPhase section */

/* Begin PBXGroup section */
		68AAB180D0AE91649E3888C3 /* Frameworks */ = {
			isa = PBXGroup;
			children = (
				AD3A1536E76397085D307296 /* Pods_RxSwiftExample.framework */,
				75F0F46C543F2BA2CF226954 /* libPods-RxSwiftExampleTests.a */,
				052BB96D851C136EF86A8BD1 /* Pods_RxSwiftExample_RxSwiftExampleUnitTests.framework */,
				C7FCFA2393DBB43C031FD81D /* Pods_RxSwiftExample_RxSwiftExampleTests.framework */,
			);
			name = Frameworks;
			sourceTree = "<group>";
		};
		B248CE3624A735680011BC0A /* Weather */ = {
			isa = PBXGroup;
			children = (
			);
			path = Weather;
			sourceTree = "<group>";
		};
		B248CE3924A73EBD0011BC0A /* Services */ = {
			isa = PBXGroup;
			children = (
				B248CE3A24A73EE10011BC0A /* APIServiceTests.swift */,
				B248CE3B24A73EE10011BC0A /* StorageServicesTests.swift */,
			);
			name = Services;
			sourceTree = "<group>";
		};
		B248CE3E24A73F170011BC0A /* Weather */ = {
			isa = PBXGroup;
			children = (
				B248CE3F24A73F2E0011BC0A /* Weather.swift */,
			);
			path = Weather;
			sourceTree = "<group>";
		};
		B24BAB952477FA3300369F8B /* RxSwiftExampleTests */ = {
			isa = PBXGroup;
			children = (
				B248CE3924A73EBD0011BC0A /* Services */,
				B248CE3624A735680011BC0A /* Weather */,
				B2EA1B6F248F67E7000C749F /* Profile */,
				B24BAB982477FA3300369F8B /* Info.plist */,
			);
			path = RxSwiftExampleTests;
			sourceTree = "<group>";
		};
		B253D9152483CE7D00C01835 /* Coordinators */ = {
			isa = PBXGroup;
			children = (
				B28736EA248E64B0003CF69B /* Weather */,
				B2F5A7D9248E425B00761BAB /* Profile */,
				B253D9182483CEB700C01835 /* Coordinator.swift */,
				B2F5A7DA248E427300761BAB /* MainCoordinator.swift */,
			);
			path = Coordinators;
			sourceTree = "<group>";
		};
		B253D91A2483CFCF00C01835 /* Storyboard */ = {
			isa = PBXGroup;
			children = (
				B28736E1248E508F003CF69B /* Weather */,
				B2F5A7D4248E3E5600761BAB /* Profile */,
				B253D91B2483CFE200C01835 /* Storyboarded.swift */,
				B2F5A7DE248E430E00761BAB /* Main.storyboard */,
			);
			path = Storyboard;
			sourceTree = "<group>";
		};
		B267A22E2487EC5C00A89DAE /* Providers */ = {
			isa = PBXGroup;
			children = (
				B2F5A7D3248E39FD00761BAB /* Profile */,
			);
			path = Providers;
			sourceTree = "<group>";
		};
		B27125D92487685B0019F7AF /* Extensions */ = {
			isa = PBXGroup;
			children = (
				B27125DA248768820019F7AF /* ReactivePresentationControler.swift */,
			);
			path = Extensions;
			sourceTree = "<group>";
		};
		B274989F24A354D8005F636C /* Services */ = {
			isa = PBXGroup;
			children = (
				B27D5246249CA3D700E8D412 /* StorageService.swift */,
				B27498A024A354EB005F636C /* LocationService.swift */,
				B248CE2D24A5B70D0011BC0A /* RequestManager.swift */,
				B248CE2F24A732B10011BC0A /* APIService.swift */,
			);
			path = Services;
			sourceTree = "<group>";
		};
		B28736E1248E508F003CF69B /* Weather */ = {
			isa = PBXGroup;
			children = (
				B28736E2248E50B3003CF69B /* Weather.storyboard */,
			);
			path = Weather;
			sourceTree = "<group>";
		};
		B28736E4248E63C8003CF69B /* Weather */ = {
			isa = PBXGroup;
			children = (
				B28736E5248E63E9003CF69B /* CurrentWeatherViewController.swift */,
			);
			path = Weather;
			sourceTree = "<group>";
		};
		B28736E7248E6437003CF69B /* Weather */ = {
			isa = PBXGroup;
			children = (
				B28736E8248E6447003CF69B /* CurrentWeatherViewModel.swift */,
			);
			path = Weather;
			sourceTree = "<group>";
		};
		B28736EA248E64B0003CF69B /* Weather */ = {
			isa = PBXGroup;
			children = (
				B28736EB248E64C8003CF69B /* WeatherCoordinator.swift */,
			);
			path = Weather;
			sourceTree = "<group>";
		};
		B2B34D95249B3E230058AE32 /* CoreData */ = {
			isa = PBXGroup;
			children = (
				B2B34DC0249B47100058AE32 /* DataModel.xcdatamodeld */,
				B2B34DC8249B47BC0058AE32 /* ProfileEntity+CoreDataClass.swift */,
				B2B34DC7249B47BC0058AE32 /* ProfileEntity+CoreDataProperties.swift */,
			);
			path = CoreData;
			sourceTree = "<group>";
		};
		B2DD65A22445A8660031749D = {
			isa = PBXGroup;
			children = (
				B2DD65AD2445A8660031749D /* RxSwiftExample */,
				B24BAB952477FA3300369F8B /* RxSwiftExampleTests */,
				B2DD65AC2445A8660031749D /* Products */,
				E969321418AE2F54EF1C4E5E /* Pods */,
				68AAB180D0AE91649E3888C3 /* Frameworks */,
			);
			sourceTree = "<group>";
		};
		B2DD65AC2445A8660031749D /* Products */ = {
			isa = PBXGroup;
			children = (
				B2DD65AB2445A8660031749D /* RxSwiftExample.app */,
				B24BAB942477FA3300369F8B /* RxSwiftExampleTests.xctest */,
			);
			name = Products;
			sourceTree = "<group>";
		};
		B2DD65AD2445A8660031749D /* RxSwiftExample */ = {
			isa = PBXGroup;
			children = (
				B274989F24A354D8005F636C /* Services */,
				B2B34D95249B3E230058AE32 /* CoreData */,
				B267A22E2487EC5C00A89DAE /* Providers */,
				B27125D92487685B0019F7AF /* Extensions */,
				B253D91A2483CFCF00C01835 /* Storyboard */,
				B253D9152483CE7D00C01835 /* Coordinators */,
				B2FA0A642467E2B4008127F0 /* ViewModels */,
				B2FA0A582465A770008127F0 /* Models */,
				B2FA0A552465A5CD008127F0 /* ViewControllers */,
				B2DD65AE2445A8660031749D /* AppDelegate.swift */,
				B2DD65B02445A8660031749D /* SceneDelegate.swift */,
				B2DD65B72445A86C0031749D /* Assets.xcassets */,
				B2DD65B92445A86C0031749D /* LaunchScreen.storyboard */,
				B2DD65BC2445A86C0031749D /* Info.plist */,
			);
			path = RxSwiftExample;
			sourceTree = "<group>";
		};
		B2EA1B6F248F67E7000C749F /* Profile */ = {
			isa = PBXGroup;
			children = (
				B2CB517D2499F8190054056D /* ProfileListTests.swift */,
				B2EA1B6D248F67E2000C749F /* AddProfileTests.swift */,
				B2CB517F249A0BB90054056D /* ProfileTests.swift */,
				B2CB5181249A0F8C0054056D /* EditProfileTests.swift */,
			);
			path = Profile;
			sourceTree = "<group>";
		};
		B2F5A7D0248E39A600761BAB /* Profile */ = {
			isa = PBXGroup;
			children = (
				B2FA0A672467E2EF008127F0 /* ProfileListViewModel.swift */,
				B2C739332486611E0024515F /* AddProfileViewModel.swift */,
				B2FA0A652467E2DB008127F0 /* ProfileViewModel.swift */,
				B2905B9B2484064C0087D8D4 /* EditProfileViewModel.swift */,
			);
			path = Profile;
			sourceTree = "<group>";
		};
		B2F5A7D1248E39BD00761BAB /* Profile */ = {
			isa = PBXGroup;
			children = (
				B2FA0A592465A799008127F0 /* ProfileModel.swift */,
			);
			path = Profile;
			sourceTree = "<group>";
		};
		B2F5A7D2248E39C900761BAB /* Profile */ = {
			isa = PBXGroup;
			children = (
				B2FA0A5D2465A900008127F0 /* ProfileListViewController.swift */,
				B2FA0A5B2465A8E6008127F0 /* AddProfileViewController.swift */,
				B2FA0A562465A60C008127F0 /* ProfileViewController.swift */,
				B226EB1E2476862A00911A7F /* EditProfileViewController.swift */,
			);
			path = Profile;
			sourceTree = "<group>";
		};
		B2F5A7D3248E39FD00761BAB /* Profile */ = {
			isa = PBXGroup;
			children = (
				B267A22F2487EC6F00A89DAE /* ProfileProvider.swift */,
				B267A2312487FA6700A89DAE /* ProfileListProvider.swift */,
			);
			path = Profile;
			sourceTree = "<group>";
		};
		B2F5A7D4248E3E5600761BAB /* Profile */ = {
			isa = PBXGroup;
			children = (
				B2DD65B42445A8660031749D /* Profile.storyboard */,
			);
			path = Profile;
			sourceTree = "<group>";
		};
		B2F5A7D9248E425B00761BAB /* Profile */ = {
			isa = PBXGroup;
			children = (
				B253D9162483CE9C00C01835 /* ProfileCoordinator.swift */,
				B27125D5248758110019F7AF /* AddProfileCoordinator.swift */,
			);
			path = Profile;
			sourceTree = "<group>";
		};
		B2FA0A552465A5CD008127F0 /* ViewControllers */ = {
			isa = PBXGroup;
			children = (
				B28736E4248E63C8003CF69B /* Weather */,
				B2F5A7D2248E39C900761BAB /* Profile */,
				B2F5A7DC248E42FA00761BAB /* MainViewController.swift */,
				B2679A2324A48C69008DB860 /* BaseViewController.swift */,
			);
			path = ViewControllers;
			sourceTree = "<group>";
		};
		B2FA0A582465A770008127F0 /* Models */ = {
			isa = PBXGroup;
			children = (
				B248CE3E24A73F170011BC0A /* Weather */,
				B2F5A7D1248E39BD00761BAB /* Profile */,
			);
			path = Models;
			sourceTree = "<group>";
		};
		B2FA0A642467E2B4008127F0 /* ViewModels */ = {
			isa = PBXGroup;
			children = (
				B28736E7248E6437003CF69B /* Weather */,
				B2F5A7D0248E39A600761BAB /* Profile */,
				B2F5A7E0248E43FC00761BAB /* MainViewModel.swift */,
			);
			path = ViewModels;
			sourceTree = "<group>";
		};
		E969321418AE2F54EF1C4E5E /* Pods */ = {
			isa = PBXGroup;
			children = (
				82923FA8F4C043AD7DB4445B /* Pods-RxSwiftExample.debug.xcconfig */,
				A260E12EF65FBCBA86D2089A /* Pods-RxSwiftExample.release.xcconfig */,
				000B5BA6D244B2B9F213F425 /* Pods-RxSwiftExampleTests.debug.xcconfig */,
				F7D1A62DBF647C17128147EC /* Pods-RxSwiftExampleTests.release.xcconfig */,
				BD1D3B49626DBEC3457B4DBD /* Pods-RxSwiftExampleUnitTests.debug.xcconfig */,
				C2E13506DC23FDF9EE72B813 /* Pods-RxSwiftExampleUnitTests.release.xcconfig */,
				4F75AFF4DB2882204A62A51C /* Pods-RxSwiftExample-RxSwiftExampleUnitTests.debug.xcconfig */,
				640FA449B2FF79F6D76FBACD /* Pods-RxSwiftExample-RxSwiftExampleUnitTests.release.xcconfig */,
				3BCEBE361A8095BE4A1F7694 /* Pods-RxSwiftExample-RxSwiftExampleTests.debug.xcconfig */,
				BA73625D8445C1A9388BD962 /* Pods-RxSwiftExample-RxSwiftExampleTests.release.xcconfig */,
			);
			path = Pods;
			sourceTree = "<group>";
		};
/* End PBXGroup section */

/* Begin PBXNativeTarget section */
		B24BAB932477FA3300369F8B /* RxSwiftExampleTests */ = {
			isa = PBXNativeTarget;
			buildConfigurationList = B24BAB9B2477FA3300369F8B /* Build configuration list for PBXNativeTarget "RxSwiftExampleTests" */;
			buildPhases = (
				4A215092DFFF94E955AE246C /* [CP] Check Pods Manifest.lock */,
				B24BAB902477FA3300369F8B /* Sources */,
				B24BAB912477FA3300369F8B /* Frameworks */,
				B24BAB922477FA3300369F8B /* Resources */,
				5F8A4E08F34F43386A1B67AC /* [CP] Embed Pods Frameworks */,
			);
			buildRules = (
			);
			dependencies = (
				B24BAB9A2477FA3300369F8B /* PBXTargetDependency */,
			);
			name = RxSwiftExampleTests;
			productName = RxSwiftExampleTests;
			productReference = B24BAB942477FA3300369F8B /* RxSwiftExampleTests.xctest */;
			productType = "com.apple.product-type.bundle.unit-test";
		};
		B2DD65AA2445A8660031749D /* RxSwiftExample */ = {
			isa = PBXNativeTarget;
			buildConfigurationList = B2DD65CA2445A86C0031749D /* Build configuration list for PBXNativeTarget "RxSwiftExample" */;
			buildPhases = (
				AA16C8907BB2F698C1EED92D /* [CP] Check Pods Manifest.lock */,
				B2DD65A72445A8660031749D /* Sources */,
				B2DD65A82445A8660031749D /* Frameworks */,
				B2DD65A92445A8660031749D /* Resources */,
				C0A5BDE9602AEF2CB93E79CA /* [CP] Embed Pods Frameworks */,
			);
			buildRules = (
			);
			dependencies = (
			);
			name = RxSwiftExample;
			productName = RxSwiftExample;
			productReference = B2DD65AB2445A8660031749D /* RxSwiftExample.app */;
			productType = "com.apple.product-type.application";
		};
/* End PBXNativeTarget section */

/* Begin PBXProject section */
		B2DD65A32445A8660031749D /* Project object */ = {
			isa = PBXProject;
			attributes = {
				LastSwiftUpdateCheck = 1150;
				LastUpgradeCheck = 1140;
				ORGANIZATIONNAME = Test;
				TargetAttributes = {
					B24BAB932477FA3300369F8B = {
						CreatedOnToolsVersion = 11.5;
						TestTargetID = B2DD65AA2445A8660031749D;
					};
					B2DD65AA2445A8660031749D = {
						CreatedOnToolsVersion = 11.4;
					};
				};
			};
			buildConfigurationList = B2DD65A62445A8660031749D /* Build configuration list for PBXProject "RxSwiftExample" */;
			compatibilityVersion = "Xcode 9.3";
			developmentRegion = en;
			hasScannedForEncodings = 0;
			knownRegions = (
				en,
				Base,
			);
			mainGroup = B2DD65A22445A8660031749D;
			productRefGroup = B2DD65AC2445A8660031749D /* Products */;
			projectDirPath = "";
			projectRoot = "";
			targets = (
				B2DD65AA2445A8660031749D /* RxSwiftExample */,
				B24BAB932477FA3300369F8B /* RxSwiftExampleTests */,
			);
		};
/* End PBXProject section */

/* Begin PBXResourcesBuildPhase section */
		B24BAB922477FA3300369F8B /* Resources */ = {
			isa = PBXResourcesBuildPhase;
			buildActionMask = 2147483647;
			files = (
			);
			runOnlyForDeploymentPostprocessing = 0;
		};
		B2DD65A92445A8660031749D /* Resources */ = {
			isa = PBXResourcesBuildPhase;
			buildActionMask = 2147483647;
			files = (
				B2F5A7E2248E4EEC00761BAB /* Profile.storyboard in Resources */,
				B28736E3248E50B3003CF69B /* Weather.storyboard in Resources */,
				B2DD65BB2445A86C0031749D /* LaunchScreen.storyboard in Resources */,
				B2DD65B82445A86C0031749D /* Assets.xcassets in Resources */,
				B2F5A7E3248E4EF000761BAB /* Main.storyboard in Resources */,
			);
			runOnlyForDeploymentPostprocessing = 0;
		};
/* End PBXResourcesBuildPhase section */

/* Begin PBXShellScriptBuildPhase section */
		4A215092DFFF94E955AE246C /* [CP] Check Pods Manifest.lock */ = {
			isa = PBXShellScriptBuildPhase;
			buildActionMask = 2147483647;
			files = (
			);
			inputFileListPaths = (
			);
			inputPaths = (
				"${PODS_PODFILE_DIR_PATH}/Podfile.lock",
				"${PODS_ROOT}/Manifest.lock",
			);
			name = "[CP] Check Pods Manifest.lock";
			outputFileListPaths = (
			);
			outputPaths = (
				"$(DERIVED_FILE_DIR)/Pods-RxSwiftExample-RxSwiftExampleTests-checkManifestLockResult.txt",
			);
			runOnlyForDeploymentPostprocessing = 0;
			shellPath = /bin/sh;
			shellScript = "diff \"${PODS_PODFILE_DIR_PATH}/Podfile.lock\" \"${PODS_ROOT}/Manifest.lock\" > /dev/null\nif [ $? != 0 ] ; then\n    # print error to STDERR\n    echo \"error: The sandbox is not in sync with the Podfile.lock. Run 'pod install' or update your CocoaPods installation.\" >&2\n    exit 1\nfi\n# This output is used by Xcode 'outputs' to avoid re-running this script phase.\necho \"SUCCESS\" > \"${SCRIPT_OUTPUT_FILE_0}\"\n";
			showEnvVarsInLog = 0;
		};
		5F8A4E08F34F43386A1B67AC /* [CP] Embed Pods Frameworks */ = {
			isa = PBXShellScriptBuildPhase;
			buildActionMask = 2147483647;
			files = (
			);
			inputFileListPaths = (
				"${PODS_ROOT}/Target Support Files/Pods-RxSwiftExample-RxSwiftExampleTests/Pods-RxSwiftExample-RxSwiftExampleTests-frameworks-${CONFIGURATION}-input-files.xcfilelist",
			);
			name = "[CP] Embed Pods Frameworks";
			outputFileListPaths = (
				"${PODS_ROOT}/Target Support Files/Pods-RxSwiftExample-RxSwiftExampleTests/Pods-RxSwiftExample-RxSwiftExampleTests-frameworks-${CONFIGURATION}-output-files.xcfilelist",
			);
			runOnlyForDeploymentPostprocessing = 0;
			shellPath = /bin/sh;
			shellScript = "\"${PODS_ROOT}/Target Support Files/Pods-RxSwiftExample-RxSwiftExampleTests/Pods-RxSwiftExample-RxSwiftExampleTests-frameworks.sh\"\n";
			showEnvVarsInLog = 0;
		};
		AA16C8907BB2F698C1EED92D /* [CP] Check Pods Manifest.lock */ = {
			isa = PBXShellScriptBuildPhase;
			buildActionMask = 2147483647;
			files = (
			);
			inputFileListPaths = (
			);
			inputPaths = (
				"${PODS_PODFILE_DIR_PATH}/Podfile.lock",
				"${PODS_ROOT}/Manifest.lock",
			);
			name = "[CP] Check Pods Manifest.lock";
			outputFileListPaths = (
			);
			outputPaths = (
				"$(DERIVED_FILE_DIR)/Pods-RxSwiftExample-checkManifestLockResult.txt",
			);
			runOnlyForDeploymentPostprocessing = 0;
			shellPath = /bin/sh;
			shellScript = "diff \"${PODS_PODFILE_DIR_PATH}/Podfile.lock\" \"${PODS_ROOT}/Manifest.lock\" > /dev/null\nif [ $? != 0 ] ; then\n    # print error to STDERR\n    echo \"error: The sandbox is not in sync with the Podfile.lock. Run 'pod install' or update your CocoaPods installation.\" >&2\n    exit 1\nfi\n# This output is used by Xcode 'outputs' to avoid re-running this script phase.\necho \"SUCCESS\" > \"${SCRIPT_OUTPUT_FILE_0}\"\n";
			showEnvVarsInLog = 0;
		};
		C0A5BDE9602AEF2CB93E79CA /* [CP] Embed Pods Frameworks */ = {
			isa = PBXShellScriptBuildPhase;
			buildActionMask = 2147483647;
			files = (
			);
			inputFileListPaths = (
				"${PODS_ROOT}/Target Support Files/Pods-RxSwiftExample/Pods-RxSwiftExample-frameworks-${CONFIGURATION}-input-files.xcfilelist",
			);
			name = "[CP] Embed Pods Frameworks";
			outputFileListPaths = (
				"${PODS_ROOT}/Target Support Files/Pods-RxSwiftExample/Pods-RxSwiftExample-frameworks-${CONFIGURATION}-output-files.xcfilelist",
			);
			runOnlyForDeploymentPostprocessing = 0;
			shellPath = /bin/sh;
			shellScript = "\"${PODS_ROOT}/Target Support Files/Pods-RxSwiftExample/Pods-RxSwiftExample-frameworks.sh\"\n";
			showEnvVarsInLog = 0;
		};
/* End PBXShellScriptBuildPhase section */

/* Begin PBXSourcesBuildPhase section */
		B24BAB902477FA3300369F8B /* Sources */ = {
			isa = PBXSourcesBuildPhase;
			buildActionMask = 2147483647;
			files = (
				B248CE3C24A73EE10011BC0A /* APIServiceTests.swift in Sources */,
				B2CB5182249A0F8C0054056D /* EditProfileTests.swift in Sources */,
				B2CB5180249A0BB90054056D /* ProfileTests.swift in Sources */,
				B2EA1B6E248F67E2000C749F /* AddProfileTests.swift in Sources */,
				B248CE3D24A73EE10011BC0A /* StorageServicesTests.swift in Sources */,
				B2CB517E2499F8190054056D /* ProfileListTests.swift in Sources */,
			);
			runOnlyForDeploymentPostprocessing = 0;
		};
		B2DD65A72445A8660031749D /* Sources */ = {
			isa = PBXSourcesBuildPhase;
			buildActionMask = 2147483647;
			files = (
				B27D5247249CA3D700E8D412 /* StorageService.swift in Sources */,
				B2F5A7DD248E42FA00761BAB /* MainViewController.swift in Sources */,
				B27125D6248758110019F7AF /* AddProfileCoordinator.swift in Sources */,
				B226EB1F2476862A00911A7F /* EditProfileViewController.swift in Sources */,
				B253D9172483CE9C00C01835 /* ProfileCoordinator.swift in Sources */,
				B2679A2424A48C69008DB860 /* BaseViewController.swift in Sources */,
				B2905B9C2484064C0087D8D4 /* EditProfileViewModel.swift in Sources */,
				B253D9192483CEB700C01835 /* Coordinator.swift in Sources */,
				B2B34DCA249B47BC0058AE32 /* ProfileEntity+CoreDataClass.swift in Sources */,
				B2FA0A572465A60C008127F0 /* ProfileViewController.swift in Sources */,
				B267A2322487FA6700A89DAE /* ProfileListProvider.swift in Sources */,
				B253D91C2483CFE200C01835 /* Storyboarded.swift in Sources */,
				B2FA0A662467E2DB008127F0 /* ProfileViewModel.swift in Sources */,
				B2FA0A682467E2EF008127F0 /* ProfileListViewModel.swift in Sources */,
				B28736E6248E63E9003CF69B /* CurrentWeatherViewController.swift in Sources */,
				B2FA0A5C2465A8E6008127F0 /* AddProfileViewController.swift in Sources */,
				B2FA0A5A2465A799008127F0 /* ProfileModel.swift in Sources */,
				B2DD65AF2445A8660031749D /* AppDelegate.swift in Sources */,
				B2F5A7DB248E427300761BAB /* MainCoordinator.swift in Sources */,
				B2FA0A5E2465A900008127F0 /* ProfileListViewController.swift in Sources */,
				B27125DB248768820019F7AF /* ReactivePresentationControler.swift in Sources */,
				B267A2302487EC6F00A89DAE /* ProfileProvider.swift in Sources */,
				B248CE3024A732B10011BC0A /* APIService.swift in Sources */,
				B2DD65B12445A8660031749D /* SceneDelegate.swift in Sources */,
				B2C739342486611F0024515F /* AddProfileViewModel.swift in Sources */,
				B248CE4024A73F2E0011BC0A /* Weather.swift in Sources */,
				B2B34DC2249B47100058AE32 /* DataModel.xcdatamodeld in Sources */,
				B2B34DC9249B47BC0058AE32 /* ProfileEntity+CoreDataProperties.swift in Sources */,
				B248CE2E24A5B70D0011BC0A /* RequestManager.swift in Sources */,
				B2F5A7E1248E43FC00761BAB /* MainViewModel.swift in Sources */,
				B28736E9248E6447003CF69B /* CurrentWeatherViewModel.swift in Sources */,
				B27498A124A354EB005F636C /* LocationService.swift in Sources */,
				B28736EC248E64C8003CF69B /* WeatherCoordinator.swift in Sources */,
			);
			runOnlyForDeploymentPostprocessing = 0;
		};
/* End PBXSourcesBuildPhase section */

/* Begin PBXTargetDependency section */
		B24BAB9A2477FA3300369F8B /* PBXTargetDependency */ = {
			isa = PBXTargetDependency;
			target = B2DD65AA2445A8660031749D /* RxSwiftExample */;
			targetProxy = B24BAB992477FA3300369F8B /* PBXContainerItemProxy */;
		};
/* End PBXTargetDependency section */

/* Begin PBXVariantGroup section */
		B2DD65B42445A8660031749D /* Profile.storyboard */ = {
			isa = PBXVariantGroup;
			children = (
				B2DD65B52445A8660031749D /* Base */,
			);
			name = Profile.storyboard;
			sourceTree = "<group>";
		};
		B2DD65B92445A86C0031749D /* LaunchScreen.storyboard */ = {
			isa = PBXVariantGroup;
			children = (
				B2DD65BA2445A86C0031749D /* Base */,
			);
			name = LaunchScreen.storyboard;
			sourceTree = "<group>";
		};
/* End PBXVariantGroup section */

/* Begin XCBuildConfiguration section */
		B24BAB9C2477FA3300369F8B /* Debug */ = {
			isa = XCBuildConfiguration;
			baseConfigurationReference = 3BCEBE361A8095BE4A1F7694 /* Pods-RxSwiftExample-RxSwiftExampleTests.debug.xcconfig */;
			buildSettings = {
				BUNDLE_LOADER = "$(TEST_HOST)";
				CODE_SIGN_STYLE = Automatic;
				DEVELOPMENT_TEAM = CL8R3L7AES;
				INFOPLIST_FILE = RxSwiftExampleTests/Info.plist;
				IPHONEOS_DEPLOYMENT_TARGET = 13.5;
				LD_RUNPATH_SEARCH_PATHS = (
					"$(inherited)",
					"@executable_path/Frameworks",
					"@loader_path/Frameworks",
				);
				PRODUCT_BUNDLE_IDENTIFIER = com.test.RxSwiftExampleTests;
				PRODUCT_NAME = "$(TARGET_NAME)";
				SWIFT_VERSION = 5.0;
				TARGETED_DEVICE_FAMILY = "1,2";
				TEST_HOST = "$(BUILT_PRODUCTS_DIR)/RxSwiftExample.app/RxSwiftExample";
			};
			name = Debug;
		};
		B24BAB9D2477FA3300369F8B /* Release */ = {
			isa = XCBuildConfiguration;
			baseConfigurationReference = BA73625D8445C1A9388BD962 /* Pods-RxSwiftExample-RxSwiftExampleTests.release.xcconfig */;
			buildSettings = {
				BUNDLE_LOADER = "$(TEST_HOST)";
				CODE_SIGN_STYLE = Automatic;
				DEVELOPMENT_TEAM = CL8R3L7AES;
				INFOPLIST_FILE = RxSwiftExampleTests/Info.plist;
				IPHONEOS_DEPLOYMENT_TARGET = 13.5;
				LD_RUNPATH_SEARCH_PATHS = (
					"$(inherited)",
					"@executable_path/Frameworks",
					"@loader_path/Frameworks",
				);
				PRODUCT_BUNDLE_IDENTIFIER = com.test.RxSwiftExampleTests;
				PRODUCT_NAME = "$(TARGET_NAME)";
				SWIFT_VERSION = 5.0;
				TARGETED_DEVICE_FAMILY = "1,2";
				TEST_HOST = "$(BUILT_PRODUCTS_DIR)/RxSwiftExample.app/RxSwiftExample";
			};
			name = Release;
		};
		B2DD65C82445A86C0031749D /* Debug */ = {
			isa = XCBuildConfiguration;
			buildSettings = {
				ALWAYS_SEARCH_USER_PATHS = NO;
				CLANG_ANALYZER_NONNULL = YES;
				CLANG_ANALYZER_NUMBER_OBJECT_CONVERSION = YES_AGGRESSIVE;
				CLANG_CXX_LANGUAGE_STANDARD = "gnu++14";
				CLANG_CXX_LIBRARY = "libc++";
				CLANG_ENABLE_MODULES = YES;
				CLANG_ENABLE_OBJC_ARC = YES;
				CLANG_ENABLE_OBJC_WEAK = YES;
				CLANG_WARN_BLOCK_CAPTURE_AUTORELEASING = YES;
				CLANG_WARN_BOOL_CONVERSION = YES;
				CLANG_WARN_COMMA = YES;
				CLANG_WARN_CONSTANT_CONVERSION = YES;
				CLANG_WARN_DEPRECATED_OBJC_IMPLEMENTATIONS = YES;
				CLANG_WARN_DIRECT_OBJC_ISA_USAGE = YES_ERROR;
				CLANG_WARN_DOCUMENTATION_COMMENTS = YES;
				CLANG_WARN_EMPTY_BODY = YES;
				CLANG_WARN_ENUM_CONVERSION = YES;
				CLANG_WARN_INFINITE_RECURSION = YES;
				CLANG_WARN_INT_CONVERSION = YES;
				CLANG_WARN_NON_LITERAL_NULL_CONVERSION = YES;
				CLANG_WARN_OBJC_IMPLICIT_RETAIN_SELF = YES;
				CLANG_WARN_OBJC_LITERAL_CONVERSION = YES;
				CLANG_WARN_OBJC_ROOT_CLASS = YES_ERROR;
				CLANG_WARN_RANGE_LOOP_ANALYSIS = YES;
				CLANG_WARN_STRICT_PROTOTYPES = YES;
				CLANG_WARN_SUSPICIOUS_MOVE = YES;
				CLANG_WARN_UNGUARDED_AVAILABILITY = YES_AGGRESSIVE;
				CLANG_WARN_UNREACHABLE_CODE = YES;
				CLANG_WARN__DUPLICATE_METHOD_MATCH = YES;
				COPY_PHASE_STRIP = NO;
				DEBUG_INFORMATION_FORMAT = dwarf;
				ENABLE_STRICT_OBJC_MSGSEND = YES;
				ENABLE_TESTABILITY = YES;
				GCC_C_LANGUAGE_STANDARD = gnu11;
				GCC_DYNAMIC_NO_PIC = NO;
				GCC_NO_COMMON_BLOCKS = YES;
				GCC_OPTIMIZATION_LEVEL = 0;
				GCC_PREPROCESSOR_DEFINITIONS = (
					"DEBUG=1",
					"$(inherited)",
				);
				GCC_WARN_64_TO_32_BIT_CONVERSION = YES;
				GCC_WARN_ABOUT_RETURN_TYPE = YES_ERROR;
				GCC_WARN_UNDECLARED_SELECTOR = YES;
				GCC_WARN_UNINITIALIZED_AUTOS = YES_AGGRESSIVE;
				GCC_WARN_UNUSED_FUNCTION = YES;
				GCC_WARN_UNUSED_VARIABLE = YES;
				IPHONEOS_DEPLOYMENT_TARGET = 13.4;
				MTL_ENABLE_DEBUG_INFO = INCLUDE_SOURCE;
				MTL_FAST_MATH = YES;
				ONLY_ACTIVE_ARCH = YES;
				SDKROOT = iphoneos;
				SWIFT_ACTIVE_COMPILATION_CONDITIONS = DEBUG;
				SWIFT_OPTIMIZATION_LEVEL = "-Onone";
			};
			name = Debug;
		};
		B2DD65C92445A86C0031749D /* Release */ = {
			isa = XCBuildConfiguration;
			buildSettings = {
				ALWAYS_SEARCH_USER_PATHS = NO;
				CLANG_ANALYZER_NONNULL = YES;
				CLANG_ANALYZER_NUMBER_OBJECT_CONVERSION = YES_AGGRESSIVE;
				CLANG_CXX_LANGUAGE_STANDARD = "gnu++14";
				CLANG_CXX_LIBRARY = "libc++";
				CLANG_ENABLE_MODULES = YES;
				CLANG_ENABLE_OBJC_ARC = YES;
				CLANG_ENABLE_OBJC_WEAK = YES;
				CLANG_WARN_BLOCK_CAPTURE_AUTORELEASING = YES;
				CLANG_WARN_BOOL_CONVERSION = YES;
				CLANG_WARN_COMMA = YES;
				CLANG_WARN_CONSTANT_CONVERSION = YES;
				CLANG_WARN_DEPRECATED_OBJC_IMPLEMENTATIONS = YES;
				CLANG_WARN_DIRECT_OBJC_ISA_USAGE = YES_ERROR;
				CLANG_WARN_DOCUMENTATION_COMMENTS = YES;
				CLANG_WARN_EMPTY_BODY = YES;
				CLANG_WARN_ENUM_CONVERSION = YES;
				CLANG_WARN_INFINITE_RECURSION = YES;
				CLANG_WARN_INT_CONVERSION = YES;
				CLANG_WARN_NON_LITERAL_NULL_CONVERSION = YES;
				CLANG_WARN_OBJC_IMPLICIT_RETAIN_SELF = YES;
				CLANG_WARN_OBJC_LITERAL_CONVERSION = YES;
				CLANG_WARN_OBJC_ROOT_CLASS = YES_ERROR;
				CLANG_WARN_RANGE_LOOP_ANALYSIS = YES;
				CLANG_WARN_STRICT_PROTOTYPES = YES;
				CLANG_WARN_SUSPICIOUS_MOVE = YES;
				CLANG_WARN_UNGUARDED_AVAILABILITY = YES_AGGRESSIVE;
				CLANG_WARN_UNREACHABLE_CODE = YES;
				CLANG_WARN__DUPLICATE_METHOD_MATCH = YES;
				COPY_PHASE_STRIP = NO;
				DEBUG_INFORMATION_FORMAT = "dwarf-with-dsym";
				ENABLE_NS_ASSERTIONS = NO;
				ENABLE_STRICT_OBJC_MSGSEND = YES;
				GCC_C_LANGUAGE_STANDARD = gnu11;
				GCC_NO_COMMON_BLOCKS = YES;
				GCC_WARN_64_TO_32_BIT_CONVERSION = YES;
				GCC_WARN_ABOUT_RETURN_TYPE = YES_ERROR;
				GCC_WARN_UNDECLARED_SELECTOR = YES;
				GCC_WARN_UNINITIALIZED_AUTOS = YES_AGGRESSIVE;
				GCC_WARN_UNUSED_FUNCTION = YES;
				GCC_WARN_UNUSED_VARIABLE = YES;
				IPHONEOS_DEPLOYMENT_TARGET = 13.4;
				MTL_ENABLE_DEBUG_INFO = NO;
				MTL_FAST_MATH = YES;
				SDKROOT = iphoneos;
				SWIFT_COMPILATION_MODE = wholemodule;
				SWIFT_OPTIMIZATION_LEVEL = "-O";
				VALIDATE_PRODUCT = YES;
			};
			name = Release;
		};
		B2DD65CB2445A86C0031749D /* Debug */ = {
			isa = XCBuildConfiguration;
			baseConfigurationReference = 82923FA8F4C043AD7DB4445B /* Pods-RxSwiftExample.debug.xcconfig */;
			buildSettings = {
				ALWAYS_EMBED_SWIFT_STANDARD_LIBRARIES = "$(inherited)";
				ASSETCATALOG_COMPILER_APPICON_NAME = AppIcon;
				CODE_SIGN_STYLE = Automatic;
				DEVELOPMENT_TEAM = CL8R3L7AES;
				INFOPLIST_FILE = RxSwiftExample/Info.plist;
				LD_RUNPATH_SEARCH_PATHS = (
					"$(inherited)",
					"@executable_path/Frameworks",
				);
				PRODUCT_BUNDLE_IDENTIFIER = com.test.RxSwiftExample;
				PRODUCT_NAME = "$(TARGET_NAME)";
				SWIFT_VERSION = 5.0;
				TARGETED_DEVICE_FAMILY = "1,2";
			};
			name = Debug;
		};
		B2DD65CC2445A86C0031749D /* Release */ = {
			isa = XCBuildConfiguration;
			baseConfigurationReference = A260E12EF65FBCBA86D2089A /* Pods-RxSwiftExample.release.xcconfig */;
			buildSettings = {
				ALWAYS_EMBED_SWIFT_STANDARD_LIBRARIES = "$(inherited)";
				ASSETCATALOG_COMPILER_APPICON_NAME = AppIcon;
				CODE_SIGN_STYLE = Automatic;
				DEVELOPMENT_TEAM = CL8R3L7AES;
				INFOPLIST_FILE = RxSwiftExample/Info.plist;
				LD_RUNPATH_SEARCH_PATHS = (
					"$(inherited)",
					"@executable_path/Frameworks",
				);
				PRODUCT_BUNDLE_IDENTIFIER = com.test.RxSwiftExample;
				PRODUCT_NAME = "$(TARGET_NAME)";
				SWIFT_VERSION = 5.0;
				TARGETED_DEVICE_FAMILY = "1,2";
			};
			name = Release;
		};
/* End XCBuildConfiguration section */

/* Begin XCConfigurationList section */
		B24BAB9B2477FA3300369F8B /* Build configuration list for PBXNativeTarget "RxSwiftExampleTests" */ = {
			isa = XCConfigurationList;
			buildConfigurations = (
				B24BAB9C2477FA3300369F8B /* Debug */,
				B24BAB9D2477FA3300369F8B /* Release */,
			);
			defaultConfigurationIsVisible = 0;
			defaultConfigurationName = Release;
		};
		B2DD65A62445A8660031749D /* Build configuration list for PBXProject "RxSwiftExample" */ = {
			isa = XCConfigurationList;
			buildConfigurations = (
				B2DD65C82445A86C0031749D /* Debug */,
				B2DD65C92445A86C0031749D /* Release */,
			);
			defaultConfigurationIsVisible = 0;
			defaultConfigurationName = Release;
		};
		B2DD65CA2445A86C0031749D /* Build configuration list for PBXNativeTarget "RxSwiftExample" */ = {
			isa = XCConfigurationList;
			buildConfigurations = (
				B2DD65CB2445A86C0031749D /* Debug */,
				B2DD65CC2445A86C0031749D /* Release */,
			);
			defaultConfigurationIsVisible = 0;
			defaultConfigurationName = Release;
		};
/* End XCConfigurationList section */

/* Begin XCVersionGroup section */
		B2B34DC0249B47100058AE32 /* DataModel.xcdatamodeld */ = {
			isa = XCVersionGroup;
			children = (
				B2B34DC1249B47100058AE32 /* DataModel.xcdatamodel */,
			);
			currentVersion = B2B34DC1249B47100058AE32 /* DataModel.xcdatamodel */;
			path = DataModel.xcdatamodeld;
			sourceTree = "<group>";
			versionGroupType = wrapper.xcdatamodel;
		};
/* End XCVersionGroup section */
	};
	rootObject = B2DD65A32445A8660031749D /* Project object */;
}
